
Microsoft Visual Studio Solution File, Format Version 12.00
# Visual Studio Version 17
VisualStudioVersion = 17.7.34031.279
MinimumVisualStudioVersion = 10.0.40219.1
Project("{FAE04EC0-301F-11D3-BF4B-00C04F79EFBC}") = "TimeLord_Кылосов", "TimeLord_Кылосов.csproj", "{69E62401-4FB4-4E25-AF2A-E5EC559CF8C3}"
EndProject
Global
	GlobalSection(SolutionConfigurationPlatforms) = preSolution
		Debug|Any CPU = Debug|Any CPU
		Release|Any CPU = Release|Any CPU
	EndGlobalSection
	GlobalSection(ProjectConfigurationPlatforms) = postSolution
		{69E62401-4FB4-4E25-AF2A-E5EC559CF8C3}.Debug|Any CPU.ActiveCfg = Debug|Any CPU
		{69E62401-4FB4-4E25-AF2A-E5EC559CF8C3}.Debug|Any CPU.Build.0 = Debug|Any CPU
		{69E62401-4FB4-4E25-AF2A-E5EC559CF8C3}.Release|Any CPU.ActiveCfg = Release|Any CPU
		{69E62401-4FB4-4E25-AF2A-E5EC559CF8C3}.Release|Any CPU.Build.0 = Release|Any CPU
	EndGlobalSection
	GlobalSection(SolutionProperties) = preSolution
		HideSolutionNode = FALSE
	EndGlobalSection
	GlobalSection(ExtensibilityGlobals) = postSolution
		SolutionGuid = {B687B2E6-9279-4DD5-938B-E9C29EE27C60}
	EndGlobalSection
EndGlobal
